
Microsoft Visual Studio Solution File, Format Version 12.00
Project("{2150E333-8FDC-42A3-9474-1A3956D46DE8}") = "src", "src", "{6EB95D04-E0A0-4AF0-9262-7FCF88C6BAA6}"
EndProject
Project("{2150E333-8FDC-42A3-9474-1A3956D46DE8}") = "tests", "tests", "{31C2CDDB-33D5-4D56-9255-F56514671589}"
EndProject
Project("{2150E333-8FDC-42A3-9474-1A3956D46DE8}") = "common", "common", "{BA7E3BB5-2E49-4A01-8AEF-CC4E35C19A1B}"
EndProject
Project("{FAE04EC0-301F-11D3-BF4B-00C04F79EFBC}") = "CommonRates.Binance", "src\CommonRates.Binance\CommonRates.Binance.csproj", "{B5C30538-9EE5-4C48-9954-9B486FFE194C}"
EndProject
Project("{FAE04EC0-301F-11D3-BF4B-00C04F79EFBC}") = "CommonRates.Common", "src\CommonRates.Common\CommonRates.Common.csproj", "{63D8AF02-5192-4DB2-A9DD-6C3A22E7E743}"
EndProject
Project("{FAE04EC0-301F-11D3-BF4B-00C04F79EFBC}") = "CommonRates.Common.UnitTests", "tests\common\CommonRates.Common.UnitTests\CommonRates.Common.UnitTests.csproj", "{604A3C4E-0A6F-44F2-9B62-8C61D88CF032}"
EndProject
Global
	GlobalSection(SolutionConfigurationPlatforms) = preSolution
		Debug|Any CPU = Debug|Any CPU
		Release|Any CPU = Release|Any CPU
	EndGlobalSection
	GlobalSection(ProjectConfigurationPlatforms) = postSolution
		{B5C30538-9EE5-4C48-9954-9B486FFE194C}.Debug|Any CPU.ActiveCfg = Debug|Any CPU
		{B5C30538-9EE5-4C48-9954-9B486FFE194C}.Debug|Any CPU.Build.0 = Debug|Any CPU
		{B5C30538-9EE5-4C48-9954-9B486FFE194C}.Release|Any CPU.ActiveCfg = Release|Any CPU
		{B5C30538-9EE5-4C48-9954-9B486FFE194C}.Release|Any CPU.Build.0 = Release|Any CPU
		{63D8AF02-5192-4DB2-A9DD-6C3A22E7E743}.Debug|Any CPU.ActiveCfg = Debug|Any CPU
		{63D8AF02-5192-4DB2-A9DD-6C3A22E7E743}.Debug|Any CPU.Build.0 = Debug|Any CPU
		{63D8AF02-5192-4DB2-A9DD-6C3A22E7E743}.Release|Any CPU.ActiveCfg = Release|Any CPU
		{63D8AF02-5192-4DB2-A9DD-6C3A22E7E743}.Release|Any CPU.Build.0 = Release|Any CPU
		{604A3C4E-0A6F-44F2-9B62-8C61D88CF032}.Debug|Any CPU.ActiveCfg = Debug|Any CPU
		{604A3C4E-0A6F-44F2-9B62-8C61D88CF032}.Debug|Any CPU.Build.0 = Debug|Any CPU
		{604A3C4E-0A6F-44F2-9B62-8C61D88CF032}.Release|Any CPU.ActiveCfg = Release|Any CPU
		{604A3C4E-0A6F-44F2-9B62-8C61D88CF032}.Release|Any CPU.Build.0 = Release|Any CPU
	EndGlobalSection
	GlobalSection(NestedProjects) = preSolution
		{BA7E3BB5-2E49-4A01-8AEF-CC4E35C19A1B} = {31C2CDDB-33D5-4D56-9255-F56514671589}
		{B5C30538-9EE5-4C48-9954-9B486FFE194C} = {6EB95D04-E0A0-4AF0-9262-7FCF88C6BAA6}
		{63D8AF02-5192-4DB2-A9DD-6C3A22E7E743} = {6EB95D04-E0A0-4AF0-9262-7FCF88C6BAA6}
		{604A3C4E-0A6F-44F2-9B62-8C61D88CF032} = {BA7E3BB5-2E49-4A01-8AEF-CC4E35C19A1B}
	EndGlobalSection
EndGlobal
